// !$*UTF8*$!
{
	archiveVersion = 1;
	classes = {
	};
	objectVersion = 55;
	objects = {

/* Begin PBXBuildFile section */
		2F5EB1EC2D5AED5200B14CB5 /* Tests_iOS.swift in Sources */ = {isa = PBXBuildFile; fileRef = 2F5EB1EB2D5AED5200B14CB5 /* Tests_iOS.swift */; };
		2F5EB1EE2D5AED5200B14CB5 /* Tests_iOSLaunchTests.swift in Sources */ = {isa = PBXBuildFile; fileRef = 2F5EB1ED2D5AED5200B14CB5 /* Tests_iOSLaunchTests.swift */; };
		2F5EB1F82D5AED5200B14CB5 /* Tests_macOS.swift in Sources */ = {isa = PBXBuildFile; fileRef = 2F5EB1F72D5AED5200B14CB5 /* Tests_macOS.swift */; };
		2F5EB1FA2D5AED5200B14CB5 /* Tests_macOSLaunchTests.swift in Sources */ = {isa = PBXBuildFile; fileRef = 2F5EB1F92D5AED5200B14CB5 /* Tests_macOSLaunchTests.swift */; };
		2F5EB1FB2D5AED5200B14CB5 /* swift_firebaseApp.swift in Sources */ = {isa = PBXBuildFile; fileRef = 2F5EB1D32D5AED5000B14CB5 /* swift_firebaseApp.swift */; };
		2F5EB1FC2D5AED5200B14CB5 /* swift_firebaseApp.swift in Sources */ = {isa = PBXBuildFile; fileRef = 2F5EB1D32D5AED5000B14CB5 /* swift_firebaseApp.swift */; };
		2F5EB1FD2D5AED5200B14CB5 /* ContentView.swift in Sources */ = {isa = PBXBuildFile; fileRef = 2F5EB1D42D5AED5000B14CB5 /* ContentView.swift */; };
		2F5EB1FE2D5AED5200B14CB5 /* ContentView.swift in Sources */ = {isa = PBXBuildFile; fileRef = 2F5EB1D42D5AED5000B14CB5 /* ContentView.swift */; };
		2F5EB1FF2D5AED5200B14CB5 /* Assets.xcassets in Resources */ = {isa = PBXBuildFile; fileRef = 2F5EB1D52D5AED5200B14CB5 /* Assets.xcassets */; };
		2F5EB2002D5AED5200B14CB5 /* Assets.xcassets in Resources */ = {isa = PBXBuildFile; fileRef = 2F5EB1D52D5AED5200B14CB5 /* Assets.xcassets */; };
		2F5EB2112D5AF17700B14CB5 /* FirebaseAnalytics in Frameworks */ = {isa = PBXBuildFile; productRef = 2F5EB2102D5AF17700B14CB5 /* FirebaseAnalytics */; };
		2F5EB2132D5AF17700B14CB5 /* FirebaseAuth in Frameworks */ = {isa = PBXBuildFile; productRef = 2F5EB2122D5AF17700B14CB5 /* FirebaseAuth */; };
		2F5EB2152D5AF17700B14CB5 /* FirebaseCrashlytics in Frameworks */ = {isa = PBXBuildFile; productRef = 2F5EB2142D5AF17700B14CB5 /* FirebaseCrashlytics */; };
		2F5EB2172D5AF17700B14CB5 /* FirebaseDatabase in Frameworks */ = {isa = PBXBuildFile; productRef = 2F5EB2162D5AF17700B14CB5 /* FirebaseDatabase */; };
		2F5EB2192D5AF17700B14CB5 /* FirebaseDynamicLinks in Frameworks */ = {isa = PBXBuildFile; productRef = 2F5EB2182D5AF17700B14CB5 /* FirebaseDynamicLinks */; };
		2F5EB21B2D5AF17700B14CB5 /* FirebaseFirestore in Frameworks */ = {isa = PBXBuildFile; productRef = 2F5EB21A2D5AF17700B14CB5 /* FirebaseFirestore */; };
		2F5EB21D2D5AF17700B14CB5 /* FirebaseFunctions in Frameworks */ = {isa = PBXBuildFile; productRef = 2F5EB21C2D5AF17700B14CB5 /* FirebaseFunctions */; };
		2F5EB21F2D5AF17700B14CB5 /* FirebaseMessaging in Frameworks */ = {isa = PBXBuildFile; productRef = 2F5EB21E2D5AF17700B14CB5 /* FirebaseMessaging */; };
		2F5EB2212D5AF17700B14CB5 /* FirebaseStorage in Frameworks */ = {isa = PBXBuildFile; productRef = 2F5EB2202D5AF17700B14CB5 /* FirebaseStorage */; };
		2FF5BE9B2D5AFE730097BF0A /* GoogleService-Info.plist in Resources */ = {isa = PBXBuildFile; fileRef = 2FF5BE9A2D5AFE720097BF0A /* GoogleService-Info.plist */; };
		2FF5BEA22D5B02520097BF0A /* user.swift in Sources */ = {isa = PBXBuildFile; fileRef = 2FF5BEA12D5B02520097BF0A /* user.swift */; };
		2FF5BEA42D5B03840097BF0A /* firebase_service.swift in Sources */ = {isa = PBXBuildFile; fileRef = 2FF5BEA32D5B03840097BF0A /* firebase_service.swift */; };
		2FF5BEA62D5B0ADB0097BF0A /* authViewModel.swift in Sources */ = {isa = PBXBuildFile; fileRef = 2FF5BEA52D5B0ADB0097BF0A /* authViewModel.swift */; };
		2FF5BEA82D5B14760097BF0A /* Loginview.swift in Sources */ = {isa = PBXBuildFile; fileRef = 2FF5BEA72D5B14760097BF0A /* Loginview.swift */; };
/* End PBXBuildFile section */

/* Begin PBXContainerItemProxy section */
		2F5EB1E82D5AED5200B14CB5 /* PBXContainerItemProxy */ = {
			isa = PBXContainerItemProxy;
			containerPortal = 2F5EB1CE2D5AED4F00B14CB5 /* Project object */;
			proxyType = 1;
			remoteGlobalIDString = 2F5EB1D92D5AED5200B14CB5;
			remoteInfo = "swift-firebase (iOS)";
		};
		2F5EB1F42D5AED5200B14CB5 /* PBXContainerItemProxy */ = {
			isa = PBXContainerItemProxy;
			containerPortal = 2F5EB1CE2D5AED4F00B14CB5 /* Project object */;
			proxyType = 1;
			remoteGlobalIDString = 2F5EB1DF2D5AED5200B14CB5;
			remoteInfo = "swift-firebase (macOS)";
		};
/* End PBXContainerItemProxy section */

/* Begin PBXFileReference section */
		2F5EB1D32D5AED5000B14CB5 /* swift_firebaseApp.swift */ = {isa = PBXFileReference; lastKnownFileType = sourcecode.swift; path = swift_firebaseApp.swift; sourceTree = "<group>"; };
		2F5EB1D42D5AED5000B14CB5 /* ContentView.swift */ = {isa = PBXFileReference; lastKnownFileType = sourcecode.swift; path = ContentView.swift; sourceTree = "<group>"; };
		2F5EB1D52D5AED5200B14CB5 /* Assets.xcassets */ = {isa = PBXFileReference; lastKnownFileType = folder.assetcatalog; path = Assets.xcassets; sourceTree = "<group>"; };
		2F5EB1DA2D5AED5200B14CB5 /* swift-firebase.app */ = {isa = PBXFileReference; explicitFileType = wrapper.application; includeInIndex = 0; path = "swift-firebase.app"; sourceTree = BUILT_PRODUCTS_DIR; };
		2F5EB1E02D5AED5200B14CB5 /* swift-firebase.app */ = {isa = PBXFileReference; explicitFileType = wrapper.application; includeInIndex = 0; path = "swift-firebase.app"; sourceTree = BUILT_PRODUCTS_DIR; };
		2F5EB1E22D5AED5200B14CB5 /* macOS.entitlements */ = {isa = PBXFileReference; lastKnownFileType = text.plist.entitlements; path = macOS.entitlements; sourceTree = "<group>"; };
		2F5EB1E72D5AED5200B14CB5 /* Tests iOS.xctest */ = {isa = PBXFileReference; explicitFileType = wrapper.cfbundle; includeInIndex = 0; path = "Tests iOS.xctest"; sourceTree = BUILT_PRODUCTS_DIR; };
		2F5EB1EB2D5AED5200B14CB5 /* Tests_iOS.swift */ = {isa = PBXFileReference; lastKnownFileType = sourcecode.swift; path = Tests_iOS.swift; sourceTree = "<group>"; };
		2F5EB1ED2D5AED5200B14CB5 /* Tests_iOSLaunchTests.swift */ = {isa = PBXFileReference; lastKnownFileType = sourcecode.swift; path = Tests_iOSLaunchTests.swift; sourceTree = "<group>"; };
		2F5EB1F32D5AED5200B14CB5 /* Tests macOS.xctest */ = {isa = PBXFileReference; explicitFileType = wrapper.cfbundle; includeInIndex = 0; path = "Tests macOS.xctest"; sourceTree = BUILT_PRODUCTS_DIR; };
		2F5EB1F72D5AED5200B14CB5 /* Tests_macOS.swift */ = {isa = PBXFileReference; lastKnownFileType = sourcecode.swift; path = Tests_macOS.swift; sourceTree = "<group>"; };
		2F5EB1F92D5AED5200B14CB5 /* Tests_macOSLaunchTests.swift */ = {isa = PBXFileReference; lastKnownFileType = sourcecode.swift; path = Tests_macOSLaunchTests.swift; sourceTree = "<group>"; };
		2FF5BE9A2D5AFE720097BF0A /* GoogleService-Info.plist */ = {isa = PBXFileReference; fileEncoding = 4; lastKnownFileType = text.plist.xml; path = "GoogleService-Info.plist"; sourceTree = "<group>"; };
		2FF5BEA12D5B02520097BF0A /* user.swift */ = {isa = PBXFileReference; lastKnownFileType = sourcecode.swift; path = user.swift; sourceTree = "<group>"; };
		2FF5BEA32D5B03840097BF0A /* firebase_service.swift */ = {isa = PBXFileReference; lastKnownFileType = sourcecode.swift; path = firebase_service.swift; sourceTree = "<group>"; };
		2FF5BEA52D5B0ADB0097BF0A /* authViewModel.swift */ = {isa = PBXFileReference; lastKnownFileType = sourcecode.swift; path = authViewModel.swift; sourceTree = "<group>"; };
		2FF5BEA72D5B14760097BF0A /* Loginview.swift */ = {isa = PBXFileReference; lastKnownFileType = sourcecode.swift; path = Loginview.swift; sourceTree = "<group>"; };
/* End PBXFileReference section */

/* Begin PBXFrameworksBuildPhase section */
		2F5EB1D72D5AED5200B14CB5 /* Frameworks */ = {
			isa = PBXFrameworksBuildPhase;
			buildActionMask = 2147483647;
			files = (
				2F5EB21F2D5AF17700B14CB5 /* FirebaseMessaging in Frameworks */,
				2F5EB2152D5AF17700B14CB5 /* FirebaseCrashlytics in Frameworks */,
				2F5EB2212D5AF17700B14CB5 /* FirebaseStorage in Frameworks */,
				2F5EB21D2D5AF17700B14CB5 /* FirebaseFunctions in Frameworks */,
				2F5EB2112D5AF17700B14CB5 /* FirebaseAnalytics in Frameworks */,
				2F5EB2172D5AF17700B14CB5 /* FirebaseDatabase in Frameworks */,
				2F5EB2132D5AF17700B14CB5 /* FirebaseAuth in Frameworks */,
				2F5EB2192D5AF17700B14CB5 /* FirebaseDynamicLinks in Frameworks */,
				2F5EB21B2D5AF17700B14CB5 /* FirebaseFirestore in Frameworks */,
			);
			runOnlyForDeploymentPostprocessing = 0;
		};
		2F5EB1DD2D5AED5200B14CB5 /* Frameworks */ = {
			isa = PBXFrameworksBuildPhase;
			buildActionMask = 2147483647;
			files = (
			);
			runOnlyForDeploymentPostprocessing = 0;
		};
		2F5EB1E42D5AED5200B14CB5 /* Frameworks */ = {
			isa = PBXFrameworksBuildPhase;
			buildActionMask = 2147483647;
			files = (
			);
			runOnlyForDeploymentPostprocessing = 0;
		};
		2F5EB1F02D5AED5200B14CB5 /* Frameworks */ = {
			isa = PBXFrameworksBuildPhase;
			buildActionMask = 2147483647;
			files = (
			);
			runOnlyForDeploymentPostprocessing = 0;
		};
/* End PBXFrameworksBuildPhase section */

/* Begin PBXGroup section */
		2F5EB1CD2D5AED4F00B14CB5 = {
			isa = PBXGroup;
			children = (
				2F5EB1D22D5AED5000B14CB5 /* Shared */,
				2F5EB1E12D5AED5200B14CB5 /* macOS */,
				2F5EB1EA2D5AED5200B14CB5 /* Tests iOS */,
				2F5EB1F62D5AED5200B14CB5 /* Tests macOS */,
				2F5EB1DB2D5AED5200B14CB5 /* Products */,
			);
			sourceTree = "<group>";
		};
		2F5EB1D22D5AED5000B14CB5 /* Shared */ = {
			isa = PBXGroup;
			children = (
				2FF5BEA02D5B01510097BF0A /* Resources */,
				2FF5BE9F2D5B01450097BF0A /* Services */,
				2FF5BE9E2D5B01360097BF0A /* Views */,
				2FF5BE9D2D5B01260097BF0A /* ViewModels */,
				2FF5BE9C2D5B00DF0097BF0A /* Models */,
				2F5EB1D32D5AED5000B14CB5 /* swift_firebaseApp.swift */,
				2F5EB1D42D5AED5000B14CB5 /* ContentView.swift */,
				2F5EB1D52D5AED5200B14CB5 /* Assets.xcassets */,
			);
			path = Shared;
			sourceTree = "<group>";
		};
		2F5EB1DB2D5AED5200B14CB5 /* Products */ = {
			isa = PBXGroup;
			children = (
				2F5EB1DA2D5AED5200B14CB5 /* swift-firebase.app */,
				2F5EB1E02D5AED5200B14CB5 /* swift-firebase.app */,
				2F5EB1E72D5AED5200B14CB5 /* Tests iOS.xctest */,
				2F5EB1F32D5AED5200B14CB5 /* Tests macOS.xctest */,
			);
			name = Products;
			sourceTree = "<group>";
		};
		2F5EB1E12D5AED5200B14CB5 /* macOS */ = {
			isa = PBXGroup;
			children = (
				2F5EB1E22D5AED5200B14CB5 /* macOS.entitlements */,
			);
			path = macOS;
			sourceTree = "<group>";
		};
		2F5EB1EA2D5AED5200B14CB5 /* Tests iOS */ = {
			isa = PBXGroup;
			children = (
				2F5EB1EB2D5AED5200B14CB5 /* Tests_iOS.swift */,
				2F5EB1ED2D5AED5200B14CB5 /* Tests_iOSLaunchTests.swift */,
			);
			path = "Tests iOS";
			sourceTree = "<group>";
		};
		2F5EB1F62D5AED5200B14CB5 /* Tests macOS */ = {
			isa = PBXGroup;
			children = (
				2F5EB1F72D5AED5200B14CB5 /* Tests_macOS.swift */,
				2F5EB1F92D5AED5200B14CB5 /* Tests_macOSLaunchTests.swift */,
			);
			path = "Tests macOS";
			sourceTree = "<group>";
		};
		2FF5BE9C2D5B00DF0097BF0A /* Models */ = {
			isa = PBXGroup;
			children = (
				2FF5BEA12D5B02520097BF0A /* user.swift */,
			);
			path = Models;
			sourceTree = "<group>";
		};
		2FF5BE9D2D5B01260097BF0A /* ViewModels */ = {
			isa = PBXGroup;
			children = (
				2FF5BEA52D5B0ADB0097BF0A /* authViewModel.swift */,
			);
			path = ViewModels;
			sourceTree = "<group>";
		};
		2FF5BE9E2D5B01360097BF0A /* Views */ = {
			isa = PBXGroup;
			children = (
				2FF5BEA72D5B14760097BF0A /* Loginview.swift */,
			);
			path = Views;
			sourceTree = "<group>";
		};
		2FF5BE9F2D5B01450097BF0A /* Services */ = {
			isa = PBXGroup;
			children = (
				2FF5BEA32D5B03840097BF0A /* firebase_service.swift */,
			);
			path = Services;
			sourceTree = "<group>";
		};
		2FF5BEA02D5B01510097BF0A /* Resources */ = {
			isa = PBXGroup;
			children = (
				2FF5BE9A2D5AFE720097BF0A /* GoogleService-Info.plist */,
			);
			path = Resources;
			sourceTree = "<group>";
		};
/* End PBXGroup section */

/* Begin PBXNativeTarget section */
		2F5EB1D92D5AED5200B14CB5 /* swift-firebase (iOS) */ = {
			isa = PBXNativeTarget;
			buildConfigurationList = 2F5EB2032D5AED5200B14CB5 /* Build configuration list for PBXNativeTarget "swift-firebase (iOS)" */;
			buildPhases = (
				2F5EB1D62D5AED5200B14CB5 /* Sources */,
				2F5EB1D72D5AED5200B14CB5 /* Frameworks */,
				2F5EB1D82D5AED5200B14CB5 /* Resources */,
			);
			buildRules = (
			);
			dependencies = (
			);
			name = "swift-firebase (iOS)";
			packageProductDependencies = (
				2F5EB2102D5AF17700B14CB5 /* FirebaseAnalytics */,
				2F5EB2122D5AF17700B14CB5 /* FirebaseAuth */,
				2F5EB2142D5AF17700B14CB5 /* FirebaseCrashlytics */,
				2F5EB2162D5AF17700B14CB5 /* FirebaseDatabase */,
				2F5EB2182D5AF17700B14CB5 /* FirebaseDynamicLinks */,
				2F5EB21A2D5AF17700B14CB5 /* FirebaseFirestore */,
				2F5EB21C2D5AF17700B14CB5 /* FirebaseFunctions */,
				2F5EB21E2D5AF17700B14CB5 /* FirebaseMessaging */,
				2F5EB2202D5AF17700B14CB5 /* FirebaseStorage */,
			);
			productName = "swift-firebase (iOS)";
			productReference = 2F5EB1DA2D5AED5200B14CB5 /* swift-firebase.app */;
			productType = "com.apple.product-type.application";
		};
		2F5EB1DF2D5AED5200B14CB5 /* swift-firebase (macOS) */ = {
			isa = PBXNativeTarget;
			buildConfigurationList = 2F5EB2062D5AED5200B14CB5 /* Build configuration list for PBXNativeTarget "swift-firebase (macOS)" */;
			buildPhases = (
				2F5EB1DC2D5AED5200B14CB5 /* Sources */,
				2F5EB1DD2D5AED5200B14CB5 /* Frameworks */,
				2F5EB1DE2D5AED5200B14CB5 /* Resources */,
			);
			buildRules = (
			);
			dependencies = (
			);
			name = "swift-firebase (macOS)";
			productName = "swift-firebase (macOS)";
			productReference = 2F5EB1E02D5AED5200B14CB5 /* swift-firebase.app */;
			productType = "com.apple.product-type.application";
		};
		2F5EB1E62D5AED5200B14CB5 /* Tests iOS */ = {
			isa = PBXNativeTarget;
			buildConfigurationList = 2F5EB2092D5AED5200B14CB5 /* Build configuration list for PBXNativeTarget "Tests iOS" */;
			buildPhases = (
				2F5EB1E32D5AED5200B14CB5 /* Sources */,
				2F5EB1E42D5AED5200B14CB5 /* Frameworks */,
				2F5EB1E52D5AED5200B14CB5 /* Resources */,
			);
			buildRules = (
			);
			dependencies = (
				2F5EB1E92D5AED5200B14CB5 /* PBXTargetDependency */,
			);
			name = "Tests iOS";
			productName = "Tests iOS";
			productReference = 2F5EB1E72D5AED5200B14CB5 /* Tests iOS.xctest */;
			productType = "com.apple.product-type.bundle.ui-testing";
		};
		2F5EB1F22D5AED5200B14CB5 /* Tests macOS */ = {
			isa = PBXNativeTarget;
			buildConfigurationList = 2F5EB20C2D5AED5200B14CB5 /* Build configuration list for PBXNativeTarget "Tests macOS" */;
			buildPhases = (
				2F5EB1EF2D5AED5200B14CB5 /* Sources */,
				2F5EB1F02D5AED5200B14CB5 /* Frameworks */,
				2F5EB1F12D5AED5200B14CB5 /* Resources */,
			);
			buildRules = (
			);
			dependencies = (
				2F5EB1F52D5AED5200B14CB5 /* PBXTargetDependency */,
			);
			name = "Tests macOS";
			productName = "Tests macOS";
			productReference = 2F5EB1F32D5AED5200B14CB5 /* Tests macOS.xctest */;
			productType = "com.apple.product-type.bundle.ui-testing";
		};
/* End PBXNativeTarget section */

/* Begin PBXProject section */
		2F5EB1CE2D5AED4F00B14CB5 /* Project object */ = {
			isa = PBXProject;
			attributes = {
				BuildIndependentTargetsInParallel = 1;
				LastSwiftUpdateCheck = 1320;
				LastUpgradeCheck = 1320;
				TargetAttributes = {
					2F5EB1D92D5AED5200B14CB5 = {
						CreatedOnToolsVersion = 13.2;
					};
					2F5EB1DF2D5AED5200B14CB5 = {
						CreatedOnToolsVersion = 13.2;
					};
					2F5EB1E62D5AED5200B14CB5 = {
						CreatedOnToolsVersion = 13.2;
						TestTargetID = 2F5EB1D92D5AED5200B14CB5;
					};
					2F5EB1F22D5AED5200B14CB5 = {
						CreatedOnToolsVersion = 13.2;
						TestTargetID = 2F5EB1DF2D5AED5200B14CB5;
					};
				};
			};
			buildConfigurationList = 2F5EB1D12D5AED4F00B14CB5 /* Build configuration list for PBXProject "swift-firebase" */;
			compatibilityVersion = "Xcode 13.0";
			developmentRegion = en;
			hasScannedForEncodings = 0;
			knownRegions = (
				en,
				Base,
			);
			mainGroup = 2F5EB1CD2D5AED4F00B14CB5;
			packageReferences = (
				2F5EB20F2D5AF17700B14CB5 /* XCRemoteSwiftPackageReference "firebase-ios-sdk" */,
			);
			productRefGroup = 2F5EB1DB2D5AED5200B14CB5 /* Products */;
			projectDirPath = "";
			projectRoot = "";
			targets = (
				2F5EB1D92D5AED5200B14CB5 /* swift-firebase (iOS) */,
				2F5EB1DF2D5AED5200B14CB5 /* swift-firebase (macOS) */,
				2F5EB1E62D5AED5200B14CB5 /* Tests iOS */,
				2F5EB1F22D5AED5200B14CB5 /* Tests macOS */,
			);
		};
/* End PBXProject section */

/* Begin PBXResourcesBuildPhase section */
		2F5EB1D82D5AED5200B14CB5 /* Resources */ = {
			isa = PBXResourcesBuildPhase;
			buildActionMask = 2147483647;
			files = (
				2F5EB1FF2D5AED5200B14CB5 /* Assets.xcassets in Resources */,
				2FF5BE9B2D5AFE730097BF0A /* GoogleService-Info.plist in Resources */,
			);
			runOnlyForDeploymentPostprocessing = 0;
		};
		2F5EB1DE2D5AED5200B14CB5 /* Resources */ = {
			isa = PBXResourcesBuildPhase;
			buildActionMask = 2147483647;
			files = (
				2F5EB2002D5AED5200B14CB5 /* Assets.xcassets in Resources */,
			);
			runOnlyForDeploymentPostprocessing = 0;
		};
		2F5EB1E52D5AED5200B14CB5 /* Resources */ = {
			isa = PBXResourcesBuildPhase;
			buildActionMask = 2147483647;
			files = (
			);
			runOnlyForDeploymentPostprocessing = 0;
		};
		2F5EB1F12D5AED5200B14CB5 /* Resources */ = {
			isa = PBXResourcesBuildPhase;
			buildActionMask = 2147483647;
			files = (
			);
			runOnlyForDeploymentPostprocessing = 0;
		};
/* End PBXResourcesBuildPhase section */

/* Begin PBXSourcesBuildPhase section */
		2F5EB1D62D5AED5200B14CB5 /* Sources */ = {
			isa = PBXSourcesBuildPhase;
			buildActionMask = 2147483647;
			files = (
				2FF5BEA82D5B14760097BF0A /* Loginview.swift in Sources */,
				2FF5BEA62D5B0ADB0097BF0A /* authViewModel.swift in Sources */,
				2F5EB1FD2D5AED5200B14CB5 /* ContentView.swift in Sources */,
				2F5EB1FB2D5AED5200B14CB5 /* swift_firebaseApp.swift in Sources */,
				2FF5BEA42D5B03840097BF0A /* firebase_service.swift in Sources */,
				2FF5BEA22D5B02520097BF0A /* user.swift in Sources */,
			);
			runOnlyForDeploymentPostprocessing = 0;
		};
		2F5EB1DC2D5AED5200B14CB5 /* Sources */ = {
			isa = PBXSourcesBuildPhase;
			buildActionMask = 2147483647;
			files = (
				2F5EB1FE2D5AED5200B14CB5 /* ContentView.swift in Sources */,
				2F5EB1FC2D5AED5200B14CB5 /* swift_firebaseApp.swift in Sources */,
			);
			runOnlyForDeploymentPostprocessing = 0;
		};
		2F5EB1E32D5AED5200B14CB5 /* Sources */ = {
			isa = PBXSourcesBuildPhase;
			buildActionMask = 2147483647;
			files = (
				2F5EB1EE2D5AED5200B14CB5 /* Tests_iOSLaunchTests.swift in Sources */,
				2F5EB1EC2D5AED5200B14CB5 /* Tests_iOS.swift in Sources */,
			);
			runOnlyForDeploymentPostprocessing = 0;
		};
		2F5EB1EF2D5AED5200B14CB5 /* Sources */ = {
			isa = PBXSourcesBuildPhase;
			buildActionMask = 2147483647;
			files = (
				2F5EB1FA2D5AED5200B14CB5 /* Tests_macOSLaunchTests.swift in Sources */,
				2F5EB1F82D5AED5200B14CB5 /* Tests_macOS.swift in Sources */,
			);
			runOnlyForDeploymentPostprocessing = 0;
		};
/* End PBXSourcesBuildPhase section */

/* Begin PBXTargetDependency section */
		2F5EB1E92D5AED5200B14CB5 /* PBXTargetDependency */ = {
			isa = PBXTargetDependency;
			target = 2F5EB1D92D5AED5200B14CB5 /* swift-firebase (iOS) */;
			targetProxy = 2F5EB1E82D5AED5200B14CB5 /* PBXContainerItemProxy */;
		};
		2F5EB1F52D5AED5200B14CB5 /* PBXTargetDependency */ = {
			isa = PBXTargetDependency;
			target = 2F5EB1DF2D5AED5200B14CB5 /* swift-firebase (macOS) */;
			targetProxy = 2F5EB1F42D5AED5200B14CB5 /* PBXContainerItemProxy */;
		};
/* End PBXTargetDependency section */

/* Begin XCBuildConfiguration section */
		2F5EB2012D5AED5200B14CB5 /* Debug */ = {
			isa = XCBuildConfiguration;
			buildSettings = {
				ALWAYS_SEARCH_USER_PATHS = NO;
				CLANG_ANALYZER_NONNULL = YES;
				CLANG_ANALYZER_NUMBER_OBJECT_CONVERSION = YES_AGGRESSIVE;
				CLANG_CXX_LANGUAGE_STANDARD = "gnu++17";
				CLANG_CXX_LIBRARY = "libc++";
				CLANG_ENABLE_MODULES = YES;
				CLANG_ENABLE_OBJC_ARC = YES;
				CLANG_ENABLE_OBJC_WEAK = YES;
				CLANG_WARN_BLOCK_CAPTURE_AUTORELEASING = YES;
				CLANG_WARN_BOOL_CONVERSION = YES;
				CLANG_WARN_COMMA = YES;
				CLANG_WARN_CONSTANT_CONVERSION = YES;
				CLANG_WARN_DEPRECATED_OBJC_IMPLEMENTATIONS = YES;
				CLANG_WARN_DIRECT_OBJC_ISA_USAGE = YES_ERROR;
				CLANG_WARN_DOCUMENTATION_COMMENTS = YES;
				CLANG_WARN_EMPTY_BODY = YES;
				CLANG_WARN_ENUM_CONVERSION = YES;
				CLANG_WARN_INFINITE_RECURSION = YES;
				CLANG_WARN_INT_CONVERSION = YES;
				CLANG_WARN_NON_LITERAL_NULL_CONVERSION = YES;
				CLANG_WARN_OBJC_IMPLICIT_RETAIN_SELF = YES;
				CLANG_WARN_OBJC_LITERAL_CONVERSION = YES;
				CLANG_WARN_OBJC_ROOT_CLASS = YES_ERROR;
				CLANG_WARN_QUOTED_INCLUDE_IN_FRAMEWORK_HEADER = YES;
				CLANG_WARN_RANGE_LOOP_ANALYSIS = YES;
				CLANG_WARN_STRICT_PROTOTYPES = YES;
				CLANG_WARN_SUSPICIOUS_MOVE = YES;
				CLANG_WARN_UNGUARDED_AVAILABILITY = YES_AGGRESSIVE;
				CLANG_WARN_UNREACHABLE_CODE = YES;
				CLANG_WARN__DUPLICATE_METHOD_MATCH = YES;
				COPY_PHASE_STRIP = NO;
				DEBUG_INFORMATION_FORMAT = dwarf;
				ENABLE_STRICT_OBJC_MSGSEND = YES;
				ENABLE_TESTABILITY = YES;
				GCC_C_LANGUAGE_STANDARD = gnu11;
				GCC_DYNAMIC_NO_PIC = NO;
				GCC_NO_COMMON_BLOCKS = YES;
				GCC_OPTIMIZATION_LEVEL = 0;
				GCC_PREPROCESSOR_DEFINITIONS = (
					"DEBUG=1",
					"$(inherited)",
				);
				GCC_WARN_64_TO_32_BIT_CONVERSION = YES;
				GCC_WARN_ABOUT_RETURN_TYPE = YES_ERROR;
				GCC_WARN_UNDECLARED_SELECTOR = YES;
				GCC_WARN_UNINITIALIZED_AUTOS = YES_AGGRESSIVE;
				GCC_WARN_UNUSED_FUNCTION = YES;
				GCC_WARN_UNUSED_VARIABLE = YES;
				MTL_ENABLE_DEBUG_INFO = INCLUDE_SOURCE;
				MTL_FAST_MATH = YES;
				ONLY_ACTIVE_ARCH = YES;
				SWIFT_ACTIVE_COMPILATION_CONDITIONS = DEBUG;
				SWIFT_OPTIMIZATION_LEVEL = "-Onone";
			};
			name = Debug;
		};
		2F5EB2022D5AED5200B14CB5 /* Release */ = {
			isa = XCBuildConfiguration;
			buildSettings = {
				ALWAYS_SEARCH_USER_PATHS = NO;
				CLANG_ANALYZER_NONNULL = YES;
				CLANG_ANALYZER_NUMBER_OBJECT_CONVERSION = YES_AGGRESSIVE;
				CLANG_CXX_LANGUAGE_STANDARD = "gnu++17";
				CLANG_CXX_LIBRARY = "libc++";
				CLANG_ENABLE_MODULES = YES;
				CLANG_ENABLE_OBJC_ARC = YES;
				CLANG_ENABLE_OBJC_WEAK = YES;
				CLANG_WARN_BLOCK_CAPTURE_AUTORELEASING = YES;
				CLANG_WARN_BOOL_CONVERSION = YES;
				CLANG_WARN_COMMA = YES;
				CLANG_WARN_CONSTANT_CONVERSION = YES;
				CLANG_WARN_DEPRECATED_OBJC_IMPLEMENTATIONS = YES;
				CLANG_WARN_DIRECT_OBJC_ISA_USAGE = YES_ERROR;
				CLANG_WARN_DOCUMENTATION_COMMENTS = YES;
				CLANG_WARN_EMPTY_BODY = YES;
				CLANG_WARN_ENUM_CONVERSION = YES;
				CLANG_WARN_INFINITE_RECURSION = YES;
				CLANG_WARN_INT_CONVERSION = YES;
				CLANG_WARN_NON_LITERAL_NULL_CONVERSION = YES;
				CLANG_WARN_OBJC_IMPLICIT_RETAIN_SELF = YES;
				CLANG_WARN_OBJC_LITERAL_CONVERSION = YES;
				CLANG_WARN_OBJC_ROOT_CLASS = YES_ERROR;
				CLANG_WARN_QUOTED_INCLUDE_IN_FRAMEWORK_HEADER = YES;
				CLANG_WARN_RANGE_LOOP_ANALYSIS = YES;
				CLANG_WARN_STRICT_PROTOTYPES = YES;
				CLANG_WARN_SUSPICIOUS_MOVE = YES;
				CLANG_WARN_UNGUARDED_AVAILABILITY = YES_AGGRESSIVE;
				CLANG_WARN_UNREACHABLE_CODE = YES;
				CLANG_WARN__DUPLICATE_METHOD_MATCH = YES;
				COPY_PHASE_STRIP = NO;
				DEBUG_INFORMATION_FORMAT = "dwarf-with-dsym";
				ENABLE_NS_ASSERTIONS = NO;
				ENABLE_STRICT_OBJC_MSGSEND = YES;
				GCC_C_LANGUAGE_STANDARD = gnu11;
				GCC_NO_COMMON_BLOCKS = YES;
				GCC_WARN_64_TO_32_BIT_CONVERSION = YES;
				GCC_WARN_ABOUT_RETURN_TYPE = YES_ERROR;
				GCC_WARN_UNDECLARED_SELECTOR = YES;
				GCC_WARN_UNINITIALIZED_AUTOS = YES_AGGRESSIVE;
				GCC_WARN_UNUSED_FUNCTION = YES;
				GCC_WARN_UNUSED_VARIABLE = YES;
				MTL_ENABLE_DEBUG_INFO = NO;
				MTL_FAST_MATH = YES;
				SWIFT_COMPILATION_MODE = wholemodule;
				SWIFT_OPTIMIZATION_LEVEL = "-O";
			};
			name = Release;
		};
		2F5EB2042D5AED5200B14CB5 /* Debug */ = {
			isa = XCBuildConfiguration;
			buildSettings = {
				ASSETCATALOG_COMPILER_APPICON_NAME = AppIcon;
				ASSETCATALOG_COMPILER_GLOBAL_ACCENT_COLOR_NAME = AccentColor;
				CODE_SIGN_STYLE = Automatic;
				CURRENT_PROJECT_VERSION = 1;
				DEVELOPMENT_TEAM = 83TNTCWHH6;
				ENABLE_PREVIEWS = YES;
				GENERATE_INFOPLIST_FILE = YES;
				INFOPLIST_KEY_UIApplicationSceneManifest_Generation = YES;
				INFOPLIST_KEY_UIApplicationSupportsIndirectInputEvents = YES;
				INFOPLIST_KEY_UILaunchScreen_Generation = YES;
				INFOPLIST_KEY_UISupportedInterfaceOrientations_iPad = "UIInterfaceOrientationPortrait UIInterfaceOrientationPortraitUpsideDown UIInterfaceOrientationLandscapeLeft UIInterfaceOrientationLandscapeRight";
				INFOPLIST_KEY_UISupportedInterfaceOrientations_iPhone = "UIInterfaceOrientationPortrait UIInterfaceOrientationLandscapeLeft UIInterfaceOrientationLandscapeRight";
				IPHONEOS_DEPLOYMENT_TARGET = 15.2;
				LD_RUNPATH_SEARCH_PATHS = (
					"$(inherited)",
					"@executable_path/Frameworks",
				);
				MARKETING_VERSION = 1.0;
				PRODUCT_BUNDLE_IDENTIFIER = "com.vicky.switfirebase.swift-firebase";
				PRODUCT_NAME = "swift-firebase";
				SDKROOT = iphoneos;
				SWIFT_EMIT_LOC_STRINGS = YES;
				SWIFT_VERSION = 5.0;
				TARGETED_DEVICE_FAMILY = "1,2";
			};
			name = Debug;
		};
		2F5EB2052D5AED5200B14CB5 /* Release */ = {
			isa = XCBuildConfiguration;
			buildSettings = {
				ASSETCATALOG_COMPILER_APPICON_NAME = AppIcon;
				ASSETCATALOG_COMPILER_GLOBAL_ACCENT_COLOR_NAME = AccentColor;
				CODE_SIGN_STYLE = Automatic;
				CURRENT_PROJECT_VERSION = 1;
				DEVELOPMENT_TEAM = 83TNTCWHH6;
				ENABLE_PREVIEWS = YES;
				GENERATE_INFOPLIST_FILE = YES;
				INFOPLIST_KEY_UIApplicationSceneManifest_Generation = YES;
				INFOPLIST_KEY_UIApplicationSupportsIndirectInputEvents = YES;
				INFOPLIST_KEY_UILaunchScreen_Generation = YES;
				INFOPLIST_KEY_UISupportedInterfaceOrientations_iPad = "UIInterfaceOrientationPortrait UIInterfaceOrientationPortraitUpsideDown UIInterfaceOrientationLandscapeLeft UIInterfaceOrientationLandscapeRight";
				INFOPLIST_KEY_UISupportedInterfaceOrientations_iPhone = "UIInterfaceOrientationPortrait UIInterfaceOrientationLandscapeLeft UIInterfaceOrientationLandscapeRight";
				IPHONEOS_DEPLOYMENT_TARGET = 15.2;
				LD_RUNPATH_SEARCH_PATHS = (
					"$(inherited)",
					"@executable_path/Frameworks",
				);
				MARKETING_VERSION = 1.0;
				PRODUCT_BUNDLE_IDENTIFIER = "com.vicky.switfirebase.swift-firebase";
				PRODUCT_NAME = "swift-firebase";
				SDKROOT = iphoneos;
				SWIFT_EMIT_LOC_STRINGS = YES;
				SWIFT_VERSION = 5.0;
				TARGETED_DEVICE_FAMILY = "1,2";
				VALIDATE_PRODUCT = YES;
			};
			name = Release;
		};
		2F5EB2072D5AED5200B14CB5 /* Debug */ = {
			isa = XCBuildConfiguration;
			buildSettings = {
				ASSETCATALOG_COMPILER_APPICON_NAME = AppIcon;
				ASSETCATALOG_COMPILER_GLOBAL_ACCENT_COLOR_NAME = AccentColor;
				CODE_SIGN_ENTITLEMENTS = macOS/macOS.entitlements;
				CODE_SIGN_STYLE = Automatic;
				COMBINE_HIDPI_IMAGES = YES;
				CURRENT_PROJECT_VERSION = 1;
				DEVELOPMENT_TEAM = 83TNTCWHH6;
				ENABLE_HARDENED_RUNTIME = YES;
				ENABLE_PREVIEWS = YES;
				GENERATE_INFOPLIST_FILE = YES;
				INFOPLIST_KEY_NSHumanReadableCopyright = "";
				LD_RUNPATH_SEARCH_PATHS = (
					"$(inherited)",
					"@executable_path/../Frameworks",
				);
				MACOSX_DEPLOYMENT_TARGET = 11.7;
				MARKETING_VERSION = 1.0;
				PRODUCT_BUNDLE_IDENTIFIER = "com.vicky.switfirebase.swift-firebase";
				PRODUCT_NAME = "swift-firebase";
				SDKROOT = macosx;
				SWIFT_EMIT_LOC_STRINGS = YES;
				SWIFT_VERSION = 5.0;
			};
			name = Debug;
		};
		2F5EB2082D5AED5200B14CB5 /* Release */ = {
			isa = XCBuildConfiguration;
			buildSettings = {
				ASSETCATALOG_COMPILER_APPICON_NAME = AppIcon;
				ASSETCATALOG_COMPILER_GLOBAL_ACCENT_COLOR_NAME = AccentColor;
				CODE_SIGN_ENTITLEMENTS = macOS/macOS.entitlements;
				CODE_SIGN_STYLE = Automatic;
				COMBINE_HIDPI_IMAGES = YES;
				CURRENT_PROJECT_VERSION = 1;
				DEVELOPMENT_TEAM = 83TNTCWHH6;
				ENABLE_HARDENED_RUNTIME = YES;
				ENABLE_PREVIEWS = YES;
				GENERATE_INFOPLIST_FILE = YES;
				INFOPLIST_KEY_NSHumanReadableCopyright = "";
				LD_RUNPATH_SEARCH_PATHS = (
					"$(inherited)",
					"@executable_path/../Frameworks",
				);
				MACOSX_DEPLOYMENT_TARGET = 11.7;
				MARKETING_VERSION = 1.0;
				PRODUCT_BUNDLE_IDENTIFIER = "com.vicky.switfirebase.swift-firebase";
				PRODUCT_NAME = "swift-firebase";
				SDKROOT = macosx;
				SWIFT_EMIT_LOC_STRINGS = YES;
				SWIFT_VERSION = 5.0;
			};
			name = Release;
		};
		2F5EB20A2D5AED5200B14CB5 /* Debug */ = {
			isa = XCBuildConfiguration;
			buildSettings = {
				ALWAYS_EMBED_SWIFT_STANDARD_LIBRARIES = YES;
				CODE_SIGN_STYLE = Automatic;
				CURRENT_PROJECT_VERSION = 1;
				DEVELOPMENT_TEAM = 83TNTCWHH6;
				GENERATE_INFOPLIST_FILE = YES;
				IPHONEOS_DEPLOYMENT_TARGET = 15.2;
				MARKETING_VERSION = 1.0;
				PRODUCT_BUNDLE_IDENTIFIER = "com.vicky.switfirebase.Tests-iOS";
				PRODUCT_NAME = "$(TARGET_NAME)";
				SDKROOT = iphoneos;
				SWIFT_EMIT_LOC_STRINGS = NO;
				SWIFT_VERSION = 5.0;
				TARGETED_DEVICE_FAMILY = "1,2";
				TEST_TARGET_NAME = "swift-firebase (iOS)";
			};
			name = Debug;
		};
		2F5EB20B2D5AED5200B14CB5 /* Release */ = {
			isa = XCBuildConfiguration;
			buildSettings = {
				ALWAYS_EMBED_SWIFT_STANDARD_LIBRARIES = YES;
				CODE_SIGN_STYLE = Automatic;
				CURRENT_PROJECT_VERSION = 1;
				DEVELOPMENT_TEAM = 83TNTCWHH6;
				GENERATE_INFOPLIST_FILE = YES;
				IPHONEOS_DEPLOYMENT_TARGET = 15.2;
				MARKETING_VERSION = 1.0;
				PRODUCT_BUNDLE_IDENTIFIER = "com.vicky.switfirebase.Tests-iOS";
				PRODUCT_NAME = "$(TARGET_NAME)";
				SDKROOT = iphoneos;
				SWIFT_EMIT_LOC_STRINGS = NO;
				SWIFT_VERSION = 5.0;
				TARGETED_DEVICE_FAMILY = "1,2";
				TEST_TARGET_NAME = "swift-firebase (iOS)";
				VALIDATE_PRODUCT = YES;
			};
			name = Release;
		};
		2F5EB20D2D5AED5200B14CB5 /* Debug */ = {
			isa = XCBuildConfiguration;
			buildSettings = {
				ALWAYS_EMBED_SWIFT_STANDARD_LIBRARIES = YES;
				CODE_SIGN_STYLE = Automatic;
				CURRENT_PROJECT_VERSION = 1;
				DEVELOPMENT_TEAM = 83TNTCWHH6;
				GENERATE_INFOPLIST_FILE = YES;
				MACOSX_DEPLOYMENT_TARGET = 11.7;
				MARKETING_VERSION = 1.0;
				PRODUCT_BUNDLE_IDENTIFIER = "com.vicky.switfirebase.Tests-macOS";
				PRODUCT_NAME = "$(TARGET_NAME)";
				SDKROOT = macosx;
				SWIFT_EMIT_LOC_STRINGS = NO;
				SWIFT_VERSION = 5.0;
				TEST_TARGET_NAME = "swift-firebase (macOS)";
			};
			name = Debug;
		};
		2F5EB20E2D5AED5200B14CB5 /* Release */ = {
			isa = XCBuildConfiguration;
			buildSettings = {
				ALWAYS_EMBED_SWIFT_STANDARD_LIBRARIES = YES;
				CODE_SIGN_STYLE = Automatic;
				CURRENT_PROJECT_VERSION = 1;
				DEVELOPMENT_TEAM = 83TNTCWHH6;
				GENERATE_INFOPLIST_FILE = YES;
				MACOSX_DEPLOYMENT_TARGET = 11.7;
				MARKETING_VERSION = 1.0;
				PRODUCT_BUNDLE_IDENTIFIER = "com.vicky.switfirebase.Tests-macOS";
				PRODUCT_NAME = "$(TARGET_NAME)";
				SDKROOT = macosx;
				SWIFT_EMIT_LOC_STRINGS = NO;
				SWIFT_VERSION = 5.0;
				TEST_TARGET_NAME = "swift-firebase (macOS)";
			};
			name = Release;
		};
/* End XCBuildConfiguration section */

/* Begin XCConfigurationList section */
		2F5EB1D12D5AED4F00B14CB5 /* Build configuration list for PBXProject "swift-firebase" */ = {
			isa = XCConfigurationList;
			buildConfigurations = (
				2F5EB2012D5AED5200B14CB5 /* Debug */,
				2F5EB2022D5AED5200B14CB5 /* Release */,
			);
			defaultConfigurationIsVisible = 0;
			defaultConfigurationName = Release;
		};
		2F5EB2032D5AED5200B14CB5 /* Build configuration list for PBXNativeTarget "swift-firebase (iOS)" */ = {
			isa = XCConfigurationList;
			buildConfigurations = (
				2F5EB2042D5AED5200B14CB5 /* Debug */,
				2F5EB2052D5AED5200B14CB5 /* Release */,
			);
			defaultConfigurationIsVisible = 0;
			defaultConfigurationName = Release;
		};
		2F5EB2062D5AED5200B14CB5 /* Build configuration list for PBXNativeTarget "swift-firebase (macOS)" */ = {
			isa = XCConfigurationList;
			buildConfigurations = (
				2F5EB2072D5AED5200B14CB5 /* Debug */,
				2F5EB2082D5AED5200B14CB5 /* Release */,
			);
			defaultConfigurationIsVisible = 0;
			defaultConfigurationName = Release;
		};
		2F5EB2092D5AED5200B14CB5 /* Build configuration list for PBXNativeTarget "Tests iOS" */ = {
			isa = XCConfigurationList;
			buildConfigurations = (
				2F5EB20A2D5AED5200B14CB5 /* Debug */,
				2F5EB20B2D5AED5200B14CB5 /* Release */,
			);
			defaultConfigurationIsVisible = 0;
			defaultConfigurationName = Release;
		};
		2F5EB20C2D5AED5200B14CB5 /* Build configuration list for PBXNativeTarget "Tests macOS" */ = {
			isa = XCConfigurationList;
			buildConfigurations = (
				2F5EB20D2D5AED5200B14CB5 /* Debug */,
				2F5EB20E2D5AED5200B14CB5 /* Release */,
			);
			defaultConfigurationIsVisible = 0;
			defaultConfigurationName = Release;
		};
/* End XCConfigurationList section */

/* Begin XCRemoteSwiftPackageReference section */
		2F5EB20F2D5AF17700B14CB5 /* XCRemoteSwiftPackageReference "firebase-ios-sdk" */ = {
			isa = XCRemoteSwiftPackageReference;
			repositoryURL = "https://github.com/firebase/firebase-ios-sdk";
			requirement = {
				kind = upToNextMajorVersion;
				minimumVersion = 9.0.0;
			};
		};
/* End XCRemoteSwiftPackageReference section */

/* Begin XCSwiftPackageProductDependency section */
		2F5EB2102D5AF17700B14CB5 /* FirebaseAnalytics */ = {
			isa = XCSwiftPackageProductDependency;
			package = 2F5EB20F2D5AF17700B14CB5 /* XCRemoteSwiftPackageReference "firebase-ios-sdk" */;
			productName = FirebaseAnalytics;
		};
		2F5EB2122D5AF17700B14CB5 /* FirebaseAuth */ = {
			isa = XCSwiftPackageProductDependency;
			package = 2F5EB20F2D5AF17700B14CB5 /* XCRemoteSwiftPackageReference "firebase-ios-sdk" */;
			productName = FirebaseAuth;
		};
		2F5EB2142D5AF17700B14CB5 /* FirebaseCrashlytics */ = {
			isa = XCSwiftPackageProductDependency;
			package = 2F5EB20F2D5AF17700B14CB5 /* XCRemoteSwiftPackageReference "firebase-ios-sdk" */;
			productName = FirebaseCrashlytics;
		};
		2F5EB2162D5AF17700B14CB5 /* FirebaseDatabase */ = {
			isa = XCSwiftPackageProductDependency;
			package = 2F5EB20F2D5AF17700B14CB5 /* XCRemoteSwiftPackageReference "firebase-ios-sdk" */;
			productName = FirebaseDatabase;
		};
		2F5EB2182D5AF17700B14CB5 /* FirebaseDynamicLinks */ = {
			isa = XCSwiftPackageProductDependency;
			package = 2F5EB20F2D5AF17700B14CB5 /* XCRemoteSwiftPackageReference "firebase-ios-sdk" */;
			productName = FirebaseDynamicLinks;
		};
		2F5EB21A2D5AF17700B14CB5 /* FirebaseFirestore */ = {
			isa = XCSwiftPackageProductDependency;
			package = 2F5EB20F2D5AF17700B14CB5 /* XCRemoteSwiftPackageReference "firebase-ios-sdk" */;
			productName = FirebaseFirestore;
		};
		2F5EB21C2D5AF17700B14CB5 /* FirebaseFunctions */ = {
			isa = XCSwiftPackageProductDependency;
			package = 2F5EB20F2D5AF17700B14CB5 /* XCRemoteSwiftPackageReference "firebase-ios-sdk" */;
			productName = FirebaseFunctions;
		};
		2F5EB21E2D5AF17700B14CB5 /* FirebaseMessaging */ = {
			isa = XCSwiftPackageProductDependency;
			package = 2F5EB20F2D5AF17700B14CB5 /* XCRemoteSwiftPackageReference "firebase-ios-sdk" */;
			productName = FirebaseMessaging;
		};
		2F5EB2202D5AF17700B14CB5 /* FirebaseStorage */ = {
			isa = XCSwiftPackageProductDependency;
			package = 2F5EB20F2D5AF17700B14CB5 /* XCRemoteSwiftPackageReference "firebase-ios-sdk" */;
			productName = FirebaseStorage;
		};
/* End XCSwiftPackageProductDependency section */
	};
	rootObject = 2F5EB1CE2D5AED4F00B14CB5 /* Project object */;
}
